
Microsoft Visual Studio Solution File, Format Version 12.00
# Visual Studio Version 17
VisualStudioVersion = 17.10.35122.118
MinimumVisualStudioVersion = 10.0.40219.1
Project("{9A19103F-16F7-4668-BE54-9A1E7A4F7556}") = "UserRegistration", "UserRegistration\UserRegistration.csproj", "{534277C3-E937-4DA2-B755-813F65F9E1AD}"
EndProject
Project("{9A19103F-16F7-4668-BE54-9A1E7A4F7556}") = "UserModel", "UserModel\UserModel.csproj", "{0AF051AF-D2F3-42E3-A4B2-0F58352ABECA}"
EndProject
Project("{9A19103F-16F7-4668-BE54-9A1E7A4F7556}") = "UserCore", "UserCore\UserCore.csproj", "{F5391F4C-512C-4217-AC5C-8DC449837975}"
EndProject
Project("{9A19103F-16F7-4668-BE54-9A1E7A4F7556}") = "UserInfrastructure", "UserInfrastructure\UserInfrastructure.csproj", "{BAB4E9F2-DB46-401B-A6B7-8725D77B9BAB}"
EndProject
Project("{FAE04EC0-301F-11D3-BF4B-00C04F79EFBC}") = "UserCommonApi", "UserCommonApi\UserCommonApi.csproj", "{652D8312-2201-4A88-807B-86AB45974B39}"
EndProject
Global
	GlobalSection(SolutionConfigurationPlatforms) = preSolution
		Debug|Any CPU = Debug|Any CPU
		Release|Any CPU = Release|Any CPU
	EndGlobalSection
	GlobalSection(ProjectConfigurationPlatforms) = postSolution
		{534277C3-E937-4DA2-B755-813F65F9E1AD}.Debug|Any CPU.ActiveCfg = Debug|Any CPU
		{534277C3-E937-4DA2-B755-813F65F9E1AD}.Debug|Any CPU.Build.0 = Debug|Any CPU
		{534277C3-E937-4DA2-B755-813F65F9E1AD}.Release|Any CPU.ActiveCfg = Release|Any CPU
		{534277C3-E937-4DA2-B755-813F65F9E1AD}.Release|Any CPU.Build.0 = Release|Any CPU
		{0AF051AF-D2F3-42E3-A4B2-0F58352ABECA}.Debug|Any CPU.ActiveCfg = Debug|Any CPU
		{0AF051AF-D2F3-42E3-A4B2-0F58352ABECA}.Debug|Any CPU.Build.0 = Debug|Any CPU
		{0AF051AF-D2F3-42E3-A4B2-0F58352ABECA}.Release|Any CPU.ActiveCfg = Release|Any CPU
		{0AF051AF-D2F3-42E3-A4B2-0F58352ABECA}.Release|Any CPU.Build.0 = Release|Any CPU
		{F5391F4C-512C-4217-AC5C-8DC449837975}.Debug|Any CPU.ActiveCfg = Debug|Any CPU
		{F5391F4C-512C-4217-AC5C-8DC449837975}.Debug|Any CPU.Build.0 = Debug|Any CPU
		{F5391F4C-512C-4217-AC5C-8DC449837975}.Release|Any CPU.ActiveCfg = Release|Any CPU
		{F5391F4C-512C-4217-AC5C-8DC449837975}.Release|Any CPU.Build.0 = Release|Any CPU
		{BAB4E9F2-DB46-401B-A6B7-8725D77B9BAB}.Debug|Any CPU.ActiveCfg = Debug|Any CPU
		{BAB4E9F2-DB46-401B-A6B7-8725D77B9BAB}.Debug|Any CPU.Build.0 = Debug|Any CPU
		{BAB4E9F2-DB46-401B-A6B7-8725D77B9BAB}.Release|Any CPU.ActiveCfg = Release|Any CPU
		{BAB4E9F2-DB46-401B-A6B7-8725D77B9BAB}.Release|Any CPU.Build.0 = Release|Any CPU
		{652D8312-2201-4A88-807B-86AB45974B39}.Debug|Any CPU.ActiveCfg = Debug|Any CPU
		{652D8312-2201-4A88-807B-86AB45974B39}.Debug|Any CPU.Build.0 = Debug|Any CPU
		{652D8312-2201-4A88-807B-86AB45974B39}.Release|Any CPU.ActiveCfg = Release|Any CPU
		{652D8312-2201-4A88-807B-86AB45974B39}.Release|Any CPU.Build.0 = Release|Any CPU
	EndGlobalSection
	GlobalSection(SolutionProperties) = preSolution
		HideSolutionNode = FALSE
	EndGlobalSection
	GlobalSection(ExtensibilityGlobals) = postSolution
		SolutionGuid = {44AD4F69-3B7B-455D-B5E4-5F7EDB59B9D7}
	EndGlobalSection
EndGlobal
